// !$*UTF8*$!
{
	archiveVersion = 1;
	classes = {
	};
	objectVersion = 55;
	objects = {

/* Begin PBXBuildFile section */
		440D0AE4270BD32F0014367D /* landmarkData.json in Resources */ = {isa = PBXBuildFile; fileRef = 440D0AE3270BD32F0014367D /* landmarkData.json */; };
		440D0AE6270BD35C0014367D /* Landmark.swift in Sources */ = {isa = PBXBuildFile; fileRef = 440D0AE5270BD35C0014367D /* Landmark.swift */; };
		440D0AFE270BD48D0014367D /* ModelData.swift in Sources */ = {isa = PBXBuildFile; fileRef = 440D0AFD270BD48D0014367D /* ModelData.swift */; };
		440D0B04270BD62B0014367D /* LandmarkRow.swift in Sources */ = {isa = PBXBuildFile; fileRef = 440D0B03270BD62B0014367D /* LandmarkRow.swift */; };
		440D0B06270BD8B00014367D /* LandmarkList.swift in Sources */ = {isa = PBXBuildFile; fileRef = 440D0B05270BD8B00014367D /* LandmarkList.swift */; };
		440D0B08270BDA820014367D /* LandmarkDetail.swift in Sources */ = {isa = PBXBuildFile; fileRef = 440D0B07270BDA820014367D /* LandmarkDetail.swift */; };
		44602426270A016300686D5B /* LandmarksApp.swift in Sources */ = {isa = PBXBuildFile; fileRef = 44602425270A016300686D5B /* LandmarksApp.swift */; };
		44602428270A016300686D5B /* ContentView.swift in Sources */ = {isa = PBXBuildFile; fileRef = 44602427270A016300686D5B /* ContentView.swift */; };
		4460242A270A016400686D5B /* Assets.xcassets in Resources */ = {isa = PBXBuildFile; fileRef = 44602429270A016400686D5B /* Assets.xcassets */; };
		4460242D270A016400686D5B /* Preview Assets.xcassets in Resources */ = {isa = PBXBuildFile; fileRef = 4460242C270A016400686D5B /* Preview Assets.xcassets */; };
		44602437270A016400686D5B /* LandmarksTests.swift in Sources */ = {isa = PBXBuildFile; fileRef = 44602436270A016400686D5B /* LandmarksTests.swift */; };
		44602441270A016400686D5B /* LandmarksUITests.swift in Sources */ = {isa = PBXBuildFile; fileRef = 44602440270A016400686D5B /* LandmarksUITests.swift */; };
		44602443270A016400686D5B /* LandmarksUITestsLaunchTests.swift in Sources */ = {isa = PBXBuildFile; fileRef = 44602442270A016400686D5B /* LandmarksUITestsLaunchTests.swift */; };
		44602450270A075800686D5B /* CircleImage.swift in Sources */ = {isa = PBXBuildFile; fileRef = 4460244F270A075800686D5B /* CircleImage.swift */; };
		44602452270A4A5C00686D5B /* MapView.swift in Sources */ = {isa = PBXBuildFile; fileRef = 44602451270A4A5C00686D5B /* MapView.swift */; };
		44B4A19327260CF6002B73C7 /* HexagonParameters.swift in Sources */ = {isa = PBXBuildFile; fileRef = 44B4A19227260CF6002B73C7 /* HexagonParameters.swift */; };
		44B4A19527260D8A002B73C7 /* BadgeBackground.swift in Sources */ = {isa = PBXBuildFile; fileRef = 44B4A19427260D8A002B73C7 /* BadgeBackground.swift */; };
		44B4A19727261187002B73C7 /* BadgeSymbol.swift in Sources */ = {isa = PBXBuildFile; fileRef = 44B4A19627261187002B73C7 /* BadgeSymbol.swift */; };
		44B4A19927261269002B73C7 /* RotatedBadgeSymbol.swift in Sources */ = {isa = PBXBuildFile; fileRef = 44B4A19827261269002B73C7 /* RotatedBadgeSymbol.swift */; };
		44B4A19B272612D3002B73C7 /* Badge.swift in Sources */ = {isa = PBXBuildFile; fileRef = 44B4A19A272612D3002B73C7 /* Badge.swift */; };
		44B4A19E272614C4002B73C7 /* hikeData.json in Resources */ = {isa = PBXBuildFile; fileRef = 44B4A19D272614C4002B73C7 /* hikeData.json */; };
		44B4A1A0272614FD002B73C7 /* Hike.swift in Sources */ = {isa = PBXBuildFile; fileRef = 44B4A19F272614FD002B73C7 /* Hike.swift */; };
		44B4A1A627261566002B73C7 /* GraphCapsule.swift in Sources */ = {isa = PBXBuildFile; fileRef = 44B4A1A227261566002B73C7 /* GraphCapsule.swift */; };
		44B4A1A727261566002B73C7 /* HikeGraph.swift in Sources */ = {isa = PBXBuildFile; fileRef = 44B4A1A327261566002B73C7 /* HikeGraph.swift */; };
		44B4A1A827261566002B73C7 /* HikeDetail.swift in Sources */ = {isa = PBXBuildFile; fileRef = 44B4A1A427261566002B73C7 /* HikeDetail.swift */; };
		44B4A1A927261566002B73C7 /* HikeView.swift in Sources */ = {isa = PBXBuildFile; fileRef = 44B4A1A527261566002B73C7 /* HikeView.swift */; };
		44D43300272600620058E4A8 /* FavoriteButton.swift in Sources */ = {isa = PBXBuildFile; fileRef = 44D432FF272600620058E4A8 /* FavoriteButton.swift */; };
/* End PBXBuildFile section */

/* Begin PBXContainerItemProxy section */
		44602433270A016400686D5B /* PBXContainerItemProxy */ = {
			isa = PBXContainerItemProxy;
			containerPortal = 4460241A270A016300686D5B /* Project object */;
			proxyType = 1;
			remoteGlobalIDString = 44602421270A016300686D5B;
			remoteInfo = Landmarks;
		};
		4460243D270A016400686D5B /* PBXContainerItemProxy */ = {
			isa = PBXContainerItemProxy;
			containerPortal = 4460241A270A016300686D5B /* Project object */;
			proxyType = 1;
			remoteGlobalIDString = 44602421270A016300686D5B;
			remoteInfo = Landmarks;
		};
/* End PBXContainerItemProxy section */

/* Begin PBXFileReference section */
		440D0AE3270BD32F0014367D /* landmarkData.json */ = {isa = PBXFileReference; fileEncoding = 4; lastKnownFileType = text.json; path = landmarkData.json; sourceTree = "<group>"; };
		440D0AE5270BD35C0014367D /* Landmark.swift */ = {isa = PBXFileReference; lastKnownFileType = sourcecode.swift; path = Landmark.swift; sourceTree = "<group>"; };
		440D0AFD270BD48D0014367D /* ModelData.swift */ = {isa = PBXFileReference; lastKnownFileType = sourcecode.swift; path = ModelData.swift; sourceTree = "<group>"; };
		440D0B03270BD62B0014367D /* LandmarkRow.swift */ = {isa = PBXFileReference; lastKnownFileType = sourcecode.swift; path = LandmarkRow.swift; sourceTree = "<group>"; };
		440D0B05270BD8B00014367D /* LandmarkList.swift */ = {isa = PBXFileReference; lastKnownFileType = sourcecode.swift; path = LandmarkList.swift; sourceTree = "<group>"; };
		440D0B07270BDA820014367D /* LandmarkDetail.swift */ = {isa = PBXFileReference; lastKnownFileType = sourcecode.swift; path = LandmarkDetail.swift; sourceTree = "<group>"; };
		44602422270A016300686D5B /* Landmarks.app */ = {isa = PBXFileReference; explicitFileType = wrapper.application; includeInIndex = 0; path = Landmarks.app; sourceTree = BUILT_PRODUCTS_DIR; };
		44602425270A016300686D5B /* LandmarksApp.swift */ = {isa = PBXFileReference; lastKnownFileType = sourcecode.swift; path = LandmarksApp.swift; sourceTree = "<group>"; };
		44602427270A016300686D5B /* ContentView.swift */ = {isa = PBXFileReference; lastKnownFileType = sourcecode.swift; path = ContentView.swift; sourceTree = "<group>"; };
		44602429270A016400686D5B /* Assets.xcassets */ = {isa = PBXFileReference; lastKnownFileType = folder.assetcatalog; path = Assets.xcassets; sourceTree = "<group>"; };
		4460242C270A016400686D5B /* Preview Assets.xcassets */ = {isa = PBXFileReference; lastKnownFileType = folder.assetcatalog; path = "Preview Assets.xcassets"; sourceTree = "<group>"; };
		44602432270A016400686D5B /* LandmarksTests.xctest */ = {isa = PBXFileReference; explicitFileType = wrapper.cfbundle; includeInIndex = 0; path = LandmarksTests.xctest; sourceTree = BUILT_PRODUCTS_DIR; };
		44602436270A016400686D5B /* LandmarksTests.swift */ = {isa = PBXFileReference; lastKnownFileType = sourcecode.swift; path = LandmarksTests.swift; sourceTree = "<group>"; };
		4460243C270A016400686D5B /* LandmarksUITests.xctest */ = {isa = PBXFileReference; explicitFileType = wrapper.cfbundle; includeInIndex = 0; path = LandmarksUITests.xctest; sourceTree = BUILT_PRODUCTS_DIR; };
		44602440270A016400686D5B /* LandmarksUITests.swift */ = {isa = PBXFileReference; lastKnownFileType = sourcecode.swift; path = LandmarksUITests.swift; sourceTree = "<group>"; };
		44602442270A016400686D5B /* LandmarksUITestsLaunchTests.swift */ = {isa = PBXFileReference; lastKnownFileType = sourcecode.swift; path = LandmarksUITestsLaunchTests.swift; sourceTree = "<group>"; };
		4460244F270A075800686D5B /* CircleImage.swift */ = {isa = PBXFileReference; lastKnownFileType = sourcecode.swift; path = CircleImage.swift; sourceTree = "<group>"; };
		44602451270A4A5C00686D5B /* MapView.swift */ = {isa = PBXFileReference; lastKnownFileType = sourcecode.swift; path = MapView.swift; sourceTree = "<group>"; };
		44B4A19227260CF6002B73C7 /* HexagonParameters.swift */ = {isa = PBXFileReference; lastKnownFileType = sourcecode.swift; path = HexagonParameters.swift; sourceTree = "<group>"; };
		44B4A19427260D8A002B73C7 /* BadgeBackground.swift */ = {isa = PBXFileReference; lastKnownFileType = sourcecode.swift; path = BadgeBackground.swift; sourceTree = "<group>"; };
		44B4A19627261187002B73C7 /* BadgeSymbol.swift */ = {isa = PBXFileReference; lastKnownFileType = sourcecode.swift; path = BadgeSymbol.swift; sourceTree = "<group>"; };
		44B4A19827261269002B73C7 /* RotatedBadgeSymbol.swift */ = {isa = PBXFileReference; lastKnownFileType = sourcecode.swift; path = RotatedBadgeSymbol.swift; sourceTree = "<group>"; };
		44B4A19A272612D3002B73C7 /* Badge.swift */ = {isa = PBXFileReference; lastKnownFileType = sourcecode.swift; path = Badge.swift; sourceTree = "<group>"; };
		44B4A19D272614C4002B73C7 /* hikeData.json */ = {isa = PBXFileReference; fileEncoding = 4; lastKnownFileType = text.json; path = hikeData.json; sourceTree = "<group>"; };
		44B4A19F272614FD002B73C7 /* Hike.swift */ = {isa = PBXFileReference; lastKnownFileType = sourcecode.swift; path = Hike.swift; sourceTree = "<group>"; };
		44B4A1A227261566002B73C7 /* GraphCapsule.swift */ = {isa = PBXFileReference; fileEncoding = 4; lastKnownFileType = sourcecode.swift; path = GraphCapsule.swift; sourceTree = "<group>"; };
		44B4A1A327261566002B73C7 /* HikeGraph.swift */ = {isa = PBXFileReference; fileEncoding = 4; lastKnownFileType = sourcecode.swift; path = HikeGraph.swift; sourceTree = "<group>"; };
		44B4A1A427261566002B73C7 /* HikeDetail.swift */ = {isa = PBXFileReference; fileEncoding = 4; lastKnownFileType = sourcecode.swift; path = HikeDetail.swift; sourceTree = "<group>"; };
		44B4A1A527261566002B73C7 /* HikeView.swift */ = {isa = PBXFileReference; fileEncoding = 4; lastKnownFileType = sourcecode.swift; path = HikeView.swift; sourceTree = "<group>"; };
		44D432FF272600620058E4A8 /* FavoriteButton.swift */ = {isa = PBXFileReference; lastKnownFileType = sourcecode.swift; path = FavoriteButton.swift; sourceTree = "<group>"; };
/* End PBXFileReference section */

/* Begin PBXFrameworksBuildPhase section */
		4460241F270A016300686D5B /* Frameworks */ = {
			isa = PBXFrameworksBuildPhase;
			buildActionMask = 2147483647;
			files = (
			);
			runOnlyForDeploymentPostprocessing = 0;
		};
		4460242F270A016400686D5B /* Frameworks */ = {
			isa = PBXFrameworksBuildPhase;
			buildActionMask = 2147483647;
			files = (
			);
			runOnlyForDeploymentPostprocessing = 0;
		};
		44602439270A016400686D5B /* Frameworks */ = {
			isa = PBXFrameworksBuildPhase;
			buildActionMask = 2147483647;
			files = (
			);
			runOnlyForDeploymentPostprocessing = 0;
		};
/* End PBXFrameworksBuildPhase section */

/* Begin PBXGroup section */
		440D0B00270BD54F0014367D /* Model */ = {
			isa = PBXGroup;
			children = (
				440D0AE5270BD35C0014367D /* Landmark.swift */,
				440D0AFD270BD48D0014367D /* ModelData.swift */,
				44B4A19F272614FD002B73C7 /* Hike.swift */,
			);
			path = Model;
			sourceTree = "<group>";
		};
		440D0B01270BD5590014367D /* Resources */ = {
			isa = PBXGroup;
			children = (
				44B4A19D272614C4002B73C7 /* hikeData.json */,
				440D0AE3270BD32F0014367D /* landmarkData.json */,
			);
			path = Resources;
			sourceTree = "<group>";
		};
		440D0B02270BD5640014367D /* Views */ = {
			isa = PBXGroup;
			children = (
				44B4A1A127261566002B73C7 /* Hikes */,
				44602427270A016300686D5B /* ContentView.swift */,
				44D43301272600E00058E4A8 /* Helpers */,
				44D43302272601000058E4A8 /* Landmarks */,
				44B4A19C27261378002B73C7 /* Badges */,
			);
			path = Views;
			sourceTree = "<group>";
		};
		44602419270A016300686D5B = {
			isa = PBXGroup;
			children = (
				44602424270A016300686D5B /* Landmarks */,
				44602435270A016400686D5B /* LandmarksTests */,
				4460243F270A016400686D5B /* LandmarksUITests */,
				44602423270A016300686D5B /* Products */,
			);
			sourceTree = "<group>";
		};
		44602423270A016300686D5B /* Products */ = {
			isa = PBXGroup;
			children = (
				44602422270A016300686D5B /* Landmarks.app */,
				44602432270A016400686D5B /* LandmarksTests.xctest */,
				4460243C270A016400686D5B /* LandmarksUITests.xctest */,
			);
			name = Products;
			sourceTree = "<group>";
		};
		44602424270A016300686D5B /* Landmarks */ = {
			isa = PBXGroup;
			children = (
				440D0B01270BD5590014367D /* Resources */,
				440D0B00270BD54F0014367D /* Model */,
				44602425270A016300686D5B /* LandmarksApp.swift */,
				440D0B02270BD5640014367D /* Views */,
				44602429270A016400686D5B /* Assets.xcassets */,
				4460242B270A016400686D5B /* Preview Content */,
			);
			path = Landmarks;
			sourceTree = "<group>";
		};
		4460242B270A016400686D5B /* Preview Content */ = {
			isa = PBXGroup;
			children = (
				4460242C270A016400686D5B /* Preview Assets.xcassets */,
			);
			path = "Preview Content";
			sourceTree = "<group>";
		};
		44602435270A016400686D5B /* LandmarksTests */ = {
			isa = PBXGroup;
			children = (
				44602436270A016400686D5B /* LandmarksTests.swift */,
			);
			path = LandmarksTests;
			sourceTree = "<group>";
		};
		4460243F270A016400686D5B /* LandmarksUITests */ = {
			isa = PBXGroup;
			children = (
				44602440270A016400686D5B /* LandmarksUITests.swift */,
				44602442270A016400686D5B /* LandmarksUITestsLaunchTests.swift */,
			);
			path = LandmarksUITests;
			sourceTree = "<group>";
		};
		44B4A19C27261378002B73C7 /* Badges */ = {
			isa = PBXGroup;
			children = (
				44B4A19227260CF6002B73C7 /* HexagonParameters.swift */,
				44B4A19427260D8A002B73C7 /* BadgeBackground.swift */,
				44B4A19627261187002B73C7 /* BadgeSymbol.swift */,
				44B4A19827261269002B73C7 /* RotatedBadgeSymbol.swift */,
				44B4A19A272612D3002B73C7 /* Badge.swift */,
			);
			path = Badges;
			sourceTree = "<group>";
		};
		44B4A1A127261566002B73C7 /* Hikes */ = {
			isa = PBXGroup;
			children = (
				44B4A1A227261566002B73C7 /* GraphCapsule.swift */,
				44B4A1A327261566002B73C7 /* HikeGraph.swift */,
				44B4A1A427261566002B73C7 /* HikeDetail.swift */,
				44B4A1A527261566002B73C7 /* HikeView.swift */,
			);
			path = Hikes;
			sourceTree = "<group>";
		};
		44D43301272600E00058E4A8 /* Helpers */ = {
			isa = PBXGroup;
			children = (
				4460244F270A075800686D5B /* CircleImage.swift */,
				44602451270A4A5C00686D5B /* MapView.swift */,
				44D432FF272600620058E4A8 /* FavoriteButton.swift */,
			);
			path = Helpers;
			sourceTree = "<group>";
		};
		44D43302272601000058E4A8 /* Landmarks */ = {
			isa = PBXGroup;
			children = (
				440D0B03270BD62B0014367D /* LandmarkRow.swift */,
				440D0B05270BD8B00014367D /* LandmarkList.swift */,
				440D0B07270BDA820014367D /* LandmarkDetail.swift */,
			);
			path = Landmarks;
			sourceTree = "<group>";
		};
/* End PBXGroup section */

/* Begin PBXNativeTarget section */
		44602421270A016300686D5B /* Landmarks */ = {
			isa = PBXNativeTarget;
			buildConfigurationList = 44602446270A016400686D5B /* Build configuration list for PBXNativeTarget "Landmarks" */;
			buildPhases = (
				4460241E270A016300686D5B /* Sources */,
				4460241F270A016300686D5B /* Frameworks */,
				44602420270A016300686D5B /* Resources */,
			);
			buildRules = (
			);
			dependencies = (
			);
			name = Landmarks;
			productName = Landmarks;
			productReference = 44602422270A016300686D5B /* Landmarks.app */;
			productType = "com.apple.product-type.application";
		};
		44602431270A016400686D5B /* LandmarksTests */ = {
			isa = PBXNativeTarget;
			buildConfigurationList = 44602449270A016400686D5B /* Build configuration list for PBXNativeTarget "LandmarksTests" */;
			buildPhases = (
				4460242E270A016400686D5B /* Sources */,
				4460242F270A016400686D5B /* Frameworks */,
				44602430270A016400686D5B /* Resources */,
			);
			buildRules = (
			);
			dependencies = (
				44602434270A016400686D5B /* PBXTargetDependency */,
			);
			name = LandmarksTests;
			productName = LandmarksTests;
			productReference = 44602432270A016400686D5B /* LandmarksTests.xctest */;
			productType = "com.apple.product-type.bundle.unit-test";
		};
		4460243B270A016400686D5B /* LandmarksUITests */ = {
			isa = PBXNativeTarget;
			buildConfigurationList = 4460244C270A016400686D5B /* Build configuration list for PBXNativeTarget "LandmarksUITests" */;
			buildPhases = (
				44602438270A016400686D5B /* Sources */,
				44602439270A016400686D5B /* Frameworks */,
				4460243A270A016400686D5B /* Resources */,
			);
			buildRules = (
			);
			dependencies = (
				4460243E270A016400686D5B /* PBXTargetDependency */,
			);
			name = LandmarksUITests;
			productName = LandmarksUITests;
			productReference = 4460243C270A016400686D5B /* LandmarksUITests.xctest */;
			productType = "com.apple.product-type.bundle.ui-testing";
		};
/* End PBXNativeTarget section */

/* Begin PBXProject section */
		4460241A270A016300686D5B /* Project object */ = {
			isa = PBXProject;
			attributes = {
				BuildIndependentTargetsInParallel = 1;
				LastSwiftUpdateCheck = 1300;
				LastUpgradeCheck = 1300;
				TargetAttributes = {
					44602421270A016300686D5B = {
						CreatedOnToolsVersion = 13.0;
					};
					44602431270A016400686D5B = {
						CreatedOnToolsVersion = 13.0;
						TestTargetID = 44602421270A016300686D5B;
					};
					4460243B270A016400686D5B = {
						CreatedOnToolsVersion = 13.0;
						TestTargetID = 44602421270A016300686D5B;
					};
				};
			};
			buildConfigurationList = 4460241D270A016300686D5B /* Build configuration list for PBXProject "Landmarks" */;
			compatibilityVersion = "Xcode 13.0";
			developmentRegion = en;
			hasScannedForEncodings = 0;
			knownRegions = (
				en,
				Base,
			);
			mainGroup = 44602419270A016300686D5B;
			productRefGroup = 44602423270A016300686D5B /* Products */;
			projectDirPath = "";
			projectRoot = "";
			targets = (
				44602421270A016300686D5B /* Landmarks */,
				44602431270A016400686D5B /* LandmarksTests */,
				4460243B270A016400686D5B /* LandmarksUITests */,
			);
		};
/* End PBXProject section */

/* Begin PBXResourcesBuildPhase section */
		44602420270A016300686D5B /* Resources */ = {
			isa = PBXResourcesBuildPhase;
			buildActionMask = 2147483647;
			files = (
				44B4A19E272614C4002B73C7 /* hikeData.json in Resources */,
				4460242D270A016400686D5B /* Preview Assets.xcassets in Resources */,
				4460242A270A016400686D5B /* Assets.xcassets in Resources */,
				440D0AE4270BD32F0014367D /* landmarkData.json in Resources */,
			);
			runOnlyForDeploymentPostprocessing = 0;
		};
		44602430270A016400686D5B /* Resources */ = {
			isa = PBXResourcesBuildPhase;
			buildActionMask = 2147483647;
			files = (
			);
			runOnlyForDeploymentPostprocessing = 0;
		};
		4460243A270A016400686D5B /* Resources */ = {
			isa = PBXResourcesBuildPhase;
			buildActionMask = 2147483647;
			files = (
			);
			runOnlyForDeploymentPostprocessing = 0;
		};
/* End PBXResourcesBuildPhase section */

/* Begin PBXSourcesBuildPhase section */
		4460241E270A016300686D5B /* Sources */ = {
			isa = PBXSourcesBuildPhase;
			buildActionMask = 2147483647;
			files = (
				44602428270A016300686D5B /* ContentView.swift in Sources */,
				44B4A1A727261566002B73C7 /* HikeGraph.swift in Sources */,
				44B4A19B272612D3002B73C7 /* Badge.swift in Sources */,
				44602452270A4A5C00686D5B /* MapView.swift in Sources */,
				44B4A1A627261566002B73C7 /* GraphCapsule.swift in Sources */,
				44602426270A016300686D5B /* LandmarksApp.swift in Sources */,
				44D43300272600620058E4A8 /* FavoriteButton.swift in Sources */,
				44B4A1A827261566002B73C7 /* HikeDetail.swift in Sources */,
				44B4A19327260CF6002B73C7 /* HexagonParameters.swift in Sources */,
				44B4A1A0272614FD002B73C7 /* Hike.swift in Sources */,
				44B4A19927261269002B73C7 /* RotatedBadgeSymbol.swift in Sources */,
				44B4A19727261187002B73C7 /* BadgeSymbol.swift in Sources */,
				440D0B06270BD8B00014367D /* LandmarkList.swift in Sources */,
				44B4A1A927261566002B73C7 /* HikeView.swift in Sources */,
				440D0B08270BDA820014367D /* LandmarkDetail.swift in Sources */,
				44B4A19527260D8A002B73C7 /* BadgeBackground.swift in Sources */,
				44602450270A075800686D5B /* CircleImage.swift in Sources */,
				440D0AE6270BD35C0014367D /* Landmark.swift in Sources */,
				440D0B04270BD62B0014367D /* LandmarkRow.swift in Sources */,
				440D0AFE270BD48D0014367D /* ModelData.swift in Sources */,
			);
			runOnlyForDeploymentPostprocessing = 0;
		};
		4460242E270A016400686D5B /* Sources */ = {
			isa = PBXSourcesBuildPhase;
			buildActionMask = 2147483647;
			files = (
				44602437270A016400686D5B /* LandmarksTests.swift in Sources */,
			);
			runOnlyForDeploymentPostprocessing = 0;
		};
		44602438270A016400686D5B /* Sources */ = {
			isa = PBXSourcesBuildPhase;
			buildActionMask = 2147483647;
			files = (
				44602443270A016400686D5B /* LandmarksUITestsLaunchTests.swift in Sources */,
				44602441270A016400686D5B /* LandmarksUITests.swift in Sources */,
			);
			runOnlyForDeploymentPostprocessing = 0;
		};
/* End PBXSourcesBuildPhase section */

/* Begin PBXTargetDependency section */
		44602434270A016400686D5B /* PBXTargetDependency */ = {
			isa = PBXTargetDependency;
			target = 44602421270A016300686D5B /* Landmarks */;
			targetProxy = 44602433270A016400686D5B /* PBXContainerItemProxy */;
		};
		4460243E270A016400686D5B /* PBXTargetDependency */ = {
			isa = PBXTargetDependency;
			target = 44602421270A016300686D5B /* Landmarks */;
			targetProxy = 4460243D270A016400686D5B /* PBXContainerItemProxy */;
		};
/* End PBXTargetDependency section */

/* Begin XCBuildConfiguration section */
		44602444270A016400686D5B /* Debug */ = {
			isa = XCBuildConfiguration;
			buildSettings = {
				ALWAYS_SEARCH_USER_PATHS = NO;
				CLANG_ANALYZER_NONNULL = YES;
				CLANG_ANALYZER_NUMBER_OBJECT_CONVERSION = YES_AGGRESSIVE;
				CLANG_CXX_LANGUAGE_STANDARD = "gnu++17";
				CLANG_CXX_LIBRARY = "libc++";
				CLANG_ENABLE_MODULES = YES;
				CLANG_ENABLE_OBJC_ARC = YES;
				CLANG_ENABLE_OBJC_WEAK = YES;
				CLANG_WARN_BLOCK_CAPTURE_AUTORELEASING = YES;
				CLANG_WARN_BOOL_CONVERSION = YES;
				CLANG_WARN_COMMA = YES;
				CLANG_WARN_CONSTANT_CONVERSION = YES;
				CLANG_WARN_DEPRECATED_OBJC_IMPLEMENTATIONS = YES;
				CLANG_WARN_DIRECT_OBJC_ISA_USAGE = YES_ERROR;
				CLANG_WARN_DOCUMENTATION_COMMENTS = YES;
				CLANG_WARN_EMPTY_BODY = YES;
				CLANG_WARN_ENUM_CONVERSION = YES;
				CLANG_WARN_INFINITE_RECURSION = YES;
				CLANG_WARN_INT_CONVERSION = YES;
				CLANG_WARN_NON_LITERAL_NULL_CONVERSION = YES;
				CLANG_WARN_OBJC_IMPLICIT_RETAIN_SELF = YES;
				CLANG_WARN_OBJC_LITERAL_CONVERSION = YES;
				CLANG_WARN_OBJC_ROOT_CLASS = YES_ERROR;
				CLANG_WARN_QUOTED_INCLUDE_IN_FRAMEWORK_HEADER = YES;
				CLANG_WARN_RANGE_LOOP_ANALYSIS = YES;
				CLANG_WARN_STRICT_PROTOTYPES = YES;
				CLANG_WARN_SUSPICIOUS_MOVE = YES;
				CLANG_WARN_UNGUARDED_AVAILABILITY = YES_AGGRESSIVE;
				CLANG_WARN_UNREACHABLE_CODE = YES;
				CLANG_WARN__DUPLICATE_METHOD_MATCH = YES;
				COPY_PHASE_STRIP = NO;
				DEBUG_INFORMATION_FORMAT = dwarf;
				ENABLE_STRICT_OBJC_MSGSEND = YES;
				ENABLE_TESTABILITY = YES;
				GCC_C_LANGUAGE_STANDARD = gnu11;
				GCC_DYNAMIC_NO_PIC = NO;
				GCC_NO_COMMON_BLOCKS = YES;
				GCC_OPTIMIZATION_LEVEL = 0;
				GCC_PREPROCESSOR_DEFINITIONS = (
					"DEBUG=1",
					"$(inherited)",
				);
				GCC_WARN_64_TO_32_BIT_CONVERSION = YES;
				GCC_WARN_ABOUT_RETURN_TYPE = YES_ERROR;
				GCC_WARN_UNDECLARED_SELECTOR = YES;
				GCC_WARN_UNINITIALIZED_AUTOS = YES_AGGRESSIVE;
				GCC_WARN_UNUSED_FUNCTION = YES;
				GCC_WARN_UNUSED_VARIABLE = YES;
				IPHONEOS_DEPLOYMENT_TARGET = 15.0;
				MTL_ENABLE_DEBUG_INFO = INCLUDE_SOURCE;
				MTL_FAST_MATH = YES;
				ONLY_ACTIVE_ARCH = YES;
				SDKROOT = iphoneos;
				SWIFT_ACTIVE_COMPILATION_CONDITIONS = DEBUG;
				SWIFT_OPTIMIZATION_LEVEL = "-Onone";
			};
			name = Debug;
		};
		44602445270A016400686D5B /* Release */ = {
			isa = XCBuildConfiguration;
			buildSettings = {
				ALWAYS_SEARCH_USER_PATHS = NO;
				CLANG_ANALYZER_NONNULL = YES;
				CLANG_ANALYZER_NUMBER_OBJECT_CONVERSION = YES_AGGRESSIVE;
				CLANG_CXX_LANGUAGE_STANDARD = "gnu++17";
				CLANG_CXX_LIBRARY = "libc++";
				CLANG_ENABLE_MODULES = YES;
				CLANG_ENABLE_OBJC_ARC = YES;
				CLANG_ENABLE_OBJC_WEAK = YES;
				CLANG_WARN_BLOCK_CAPTURE_AUTORELEASING = YES;
				CLANG_WARN_BOOL_CONVERSION = YES;
				CLANG_WARN_COMMA = YES;
				CLANG_WARN_CONSTANT_CONVERSION = YES;
				CLANG_WARN_DEPRECATED_OBJC_IMPLEMENTATIONS = YES;
				CLANG_WARN_DIRECT_OBJC_ISA_USAGE = YES_ERROR;
				CLANG_WARN_DOCUMENTATION_COMMENTS = YES;
				CLANG_WARN_EMPTY_BODY = YES;
				CLANG_WARN_ENUM_CONVERSION = YES;
				CLANG_WARN_INFINITE_RECURSION = YES;
				CLANG_WARN_INT_CONVERSION = YES;
				CLANG_WARN_NON_LITERAL_NULL_CONVERSION = YES;
				CLANG_WARN_OBJC_IMPLICIT_RETAIN_SELF = YES;
				CLANG_WARN_OBJC_LITERAL_CONVERSION = YES;
				CLANG_WARN_OBJC_ROOT_CLASS = YES_ERROR;
				CLANG_WARN_QUOTED_INCLUDE_IN_FRAMEWORK_HEADER = YES;
				CLANG_WARN_RANGE_LOOP_ANALYSIS = YES;
				CLANG_WARN_STRICT_PROTOTYPES = YES;
				CLANG_WARN_SUSPICIOUS_MOVE = YES;
				CLANG_WARN_UNGUARDED_AVAILABILITY = YES_AGGRESSIVE;
				CLANG_WARN_UNREACHABLE_CODE = YES;
				CLANG_WARN__DUPLICATE_METHOD_MATCH = YES;
				COPY_PHASE_STRIP = NO;
				DEBUG_INFORMATION_FORMAT = "dwarf-with-dsym";
				ENABLE_NS_ASSERTIONS = NO;
				ENABLE_STRICT_OBJC_MSGSEND = YES;
				GCC_C_LANGUAGE_STANDARD = gnu11;
				GCC_NO_COMMON_BLOCKS = YES;
				GCC_WARN_64_TO_32_BIT_CONVERSION = YES;
				GCC_WARN_ABOUT_RETURN_TYPE = YES_ERROR;
				GCC_WARN_UNDECLARED_SELECTOR = YES;
				GCC_WARN_UNINITIALIZED_AUTOS = YES_AGGRESSIVE;
				GCC_WARN_UNUSED_FUNCTION = YES;
				GCC_WARN_UNUSED_VARIABLE = YES;
				IPHONEOS_DEPLOYMENT_TARGET = 15.0;
				MTL_ENABLE_DEBUG_INFO = NO;
				MTL_FAST_MATH = YES;
				SDKROOT = iphoneos;
				SWIFT_COMPILATION_MODE = wholemodule;
				SWIFT_OPTIMIZATION_LEVEL = "-O";
				VALIDATE_PRODUCT = YES;
			};
			name = Release;
		};
		44602447270A016400686D5B /* Debug */ = {
			isa = XCBuildConfiguration;
			buildSettings = {
				ASSETCATALOG_COMPILER_APPICON_NAME = AppIcon;
				ASSETCATALOG_COMPILER_GLOBAL_ACCENT_COLOR_NAME = AccentColor;
				CODE_SIGN_STYLE = Automatic;
				CURRENT_PROJECT_VERSION = 1;
				DEVELOPMENT_ASSET_PATHS = "\"Landmarks/Preview Content\"";
				ENABLE_PREVIEWS = YES;
				GENERATE_INFOPLIST_FILE = YES;
				INFOPLIST_KEY_UIApplicationSceneManifest_Generation = YES;
				INFOPLIST_KEY_UIApplicationSupportsIndirectInputEvents = YES;
				INFOPLIST_KEY_UILaunchScreen_Generation = YES;
				INFOPLIST_KEY_UISupportedInterfaceOrientations_iPad = "UIInterfaceOrientationPortrait UIInterfaceOrientationPortraitUpsideDown UIInterfaceOrientationLandscapeLeft UIInterfaceOrientationLandscapeRight";
				INFOPLIST_KEY_UISupportedInterfaceOrientations_iPhone = "UIInterfaceOrientationPortrait UIInterfaceOrientationLandscapeLeft UIInterfaceOrientationLandscapeRight";
				IPHONEOS_DEPLOYMENT_TARGET = 14.0;
				LD_RUNPATH_SEARCH_PATHS = (
					"$(inherited)",
					"@executable_path/Frameworks",
				);
				MARKETING_VERSION = 1.0;
				PRODUCT_BUNDLE_IDENTIFIER = appimprov.Landmarks;
				PRODUCT_NAME = "$(TARGET_NAME)";
				SWIFT_EMIT_LOC_STRINGS = YES;
				SWIFT_VERSION = 5.0;
				TARGETED_DEVICE_FAMILY = "1,2";
			};
			name = Debug;
		};
		44602448270A016400686D5B /* Release */ = {
			isa = XCBuildConfiguration;
			buildSettings = {
				ASSETCATALOG_COMPILER_APPICON_NAME = AppIcon;
				ASSETCATALOG_COMPILER_GLOBAL_ACCENT_COLOR_NAME = AccentColor;
				CODE_SIGN_STYLE = Automatic;
				CURRENT_PROJECT_VERSION = 1;
				DEVELOPMENT_ASSET_PATHS = "\"Landmarks/Preview Content\"";
				ENABLE_PREVIEWS = YES;
				GENERATE_INFOPLIST_FILE = YES;
				INFOPLIST_KEY_UIApplicationSceneManifest_Generation = YES;
				INFOPLIST_KEY_UIApplicationSupportsIndirectInputEvents = YES;
				INFOPLIST_KEY_UILaunchScreen_Generation = YES;
				INFOPLIST_KEY_UISupportedInterfaceOrientations_iPad = "UIInterfaceOrientationPortrait UIInterfaceOrientationPortraitUpsideDown UIInterfaceOrientationLandscapeLeft UIInterfaceOrientationLandscapeRight";
				INFOPLIST_KEY_UISupportedInterfaceOrientations_iPhone = "UIInterfaceOrientationPortrait UIInterfaceOrientationLandscapeLeft UIInterfaceOrientationLandscapeRight";
				IPHONEOS_DEPLOYMENT_TARGET = 14.0;
				LD_RUNPATH_SEARCH_PATHS = (
					"$(inherited)",
					"@executable_path/Frameworks",
				);
				MARKETING_VERSION = 1.0;
				PRODUCT_BUNDLE_IDENTIFIER = appimprov.Landmarks;
				PRODUCT_NAME = "$(TARGET_NAME)";
				SWIFT_EMIT_LOC_STRINGS = YES;
				SWIFT_VERSION = 5.0;
				TARGETED_DEVICE_FAMILY = "1,2";
			};
			name = Release;
		};
		4460244A270A016400686D5B /* Debug */ = {
			isa = XCBuildConfiguration;
			buildSettings = {
				ALWAYS_EMBED_SWIFT_STANDARD_LIBRARIES = YES;
				BUNDLE_LOADER = "$(TEST_HOST)";
				CODE_SIGN_STYLE = Automatic;
				CURRENT_PROJECT_VERSION = 1;
				GENERATE_INFOPLIST_FILE = YES;
				IPHONEOS_DEPLOYMENT_TARGET = 14.0;
				LD_RUNPATH_SEARCH_PATHS = (
					"$(inherited)",
					"@executable_path/Frameworks",
					"@loader_path/Frameworks",
				);
				MARKETING_VERSION = 1.0;
				PRODUCT_BUNDLE_IDENTIFIER = appimprov.LandmarksTests;
				PRODUCT_NAME = "$(TARGET_NAME)";
				SWIFT_EMIT_LOC_STRINGS = NO;
				SWIFT_VERSION = 5.0;
				TARGETED_DEVICE_FAMILY = "1,2";
				TEST_HOST = "$(BUILT_PRODUCTS_DIR)/Landmarks.app/Landmarks";
			};
			name = Debug;
		};
		4460244B270A016400686D5B /* Release */ = {
			isa = XCBuildConfiguration;
			buildSettings = {
				ALWAYS_EMBED_SWIFT_STANDARD_LIBRARIES = YES;
				BUNDLE_LOADER = "$(TEST_HOST)";
				CODE_SIGN_STYLE = Automatic;
				CURRENT_PROJECT_VERSION = 1;
				GENERATE_INFOPLIST_FILE = YES;
				IPHONEOS_DEPLOYMENT_TARGET = 14.0;
				LD_RUNPATH_SEARCH_PATHS = (
					"$(inherited)",
					"@executable_path/Frameworks",
					"@loader_path/Frameworks",
				);
				MARKETING_VERSION = 1.0;
				PRODUCT_BUNDLE_IDENTIFIER = appimprov.LandmarksTests;
				PRODUCT_NAME = "$(TARGET_NAME)";
				SWIFT_EMIT_LOC_STRINGS = NO;
				SWIFT_VERSION = 5.0;
				TARGETED_DEVICE_FAMILY = "1,2";
				TEST_HOST = "$(BUILT_PRODUCTS_DIR)/Landmarks.app/Landmarks";
			};
			name = Release;
		};
		4460244D270A016400686D5B /* Debug */ = {
			isa = XCBuildConfiguration;
			buildSettings = {
				ALWAYS_EMBED_SWIFT_STANDARD_LIBRARIES = YES;
				CODE_SIGN_STYLE = Automatic;
				CURRENT_PROJECT_VERSION = 1;
				GENERATE_INFOPLIST_FILE = YES;
				LD_RUNPATH_SEARCH_PATHS = (
					"$(inherited)",
					"@executable_path/Frameworks",
					"@loader_path/Frameworks",
				);
				MARKETING_VERSION = 1.0;
				PRODUCT_BUNDLE_IDENTIFIER = appimprov.LandmarksUITests;
				PRODUCT_NAME = "$(TARGET_NAME)";
				SWIFT_EMIT_LOC_STRINGS = NO;
				SWIFT_VERSION = 5.0;
				TARGETED_DEVICE_FAMILY = "1,2";
				TEST_TARGET_NAME = Landmarks;
			};
			name = Debug;
		};
		4460244E270A016400686D5B /* Release */ = {
			isa = XCBuildConfiguration;
			buildSettings = {
				ALWAYS_EMBED_SWIFT_STANDARD_LIBRARIES = YES;
				CODE_SIGN_STYLE = Automatic;
				CURRENT_PROJECT_VERSION = 1;
				GENERATE_INFOPLIST_FILE = YES;
				LD_RUNPATH_SEARCH_PATHS = (
					"$(inherited)",
					"@executable_path/Frameworks",
					"@loader_path/Frameworks",
				);
				MARKETING_VERSION = 1.0;
				PRODUCT_BUNDLE_IDENTIFIER = appimprov.LandmarksUITests;
				PRODUCT_NAME = "$(TARGET_NAME)";
				SWIFT_EMIT_LOC_STRINGS = NO;
				SWIFT_VERSION = 5.0;
				TARGETED_DEVICE_FAMILY = "1,2";
				TEST_TARGET_NAME = Landmarks;
			};
			name = Release;
		};
/* End XCBuildConfiguration section */

/* Begin XCConfigurationList section */
		4460241D270A016300686D5B /* Build configuration list for PBXProject "Landmarks" */ = {
			isa = XCConfigurationList;
			buildConfigurations = (
				44602444270A016400686D5B /* Debug */,
				44602445270A016400686D5B /* Release */,
			);
			defaultConfigurationIsVisible = 0;
			defaultConfigurationName = Release;
		};
		44602446270A016400686D5B /* Build configuration list for PBXNativeTarget "Landmarks" */ = {
			isa = XCConfigurationList;
			buildConfigurations = (
				44602447270A016400686D5B /* Debug */,
				44602448270A016400686D5B /* Release */,
			);
			defaultConfigurationIsVisible = 0;
			defaultConfigurationName = Release;
		};
		44602449270A016400686D5B /* Build configuration list for PBXNativeTarget "LandmarksTests" */ = {
			isa = XCConfigurationList;
			buildConfigurations = (
				4460244A270A016400686D5B /* Debug */,
				4460244B270A016400686D5B /* Release */,
			);
			defaultConfigurationIsVisible = 0;
			defaultConfigurationName = Release;
		};
		4460244C270A016400686D5B /* Build configuration list for PBXNativeTarget "LandmarksUITests" */ = {
			isa = XCConfigurationList;
			buildConfigurations = (
				4460244D270A016400686D5B /* Debug */,
				4460244E270A016400686D5B /* Release */,
			);
			defaultConfigurationIsVisible = 0;
			defaultConfigurationName = Release;
		};
/* End XCConfigurationList section */
	};
	rootObject = 4460241A270A016300686D5B /* Project object */;
}
